
Microsoft Visual Studio Solution File, Format Version 12.00
# Visual Studio Version 16
VisualStudioVersion = 16.0.30002.166
MinimumVisualStudioVersion = 10.0.40219.1
Project("{FAE04EC0-301F-11D3-BF4B-00C04F79EFBC}") = "RSA", "RSA\RSA.csproj", "{FCBFD865-16CC-4012-80FA-1066AB01504A}"
EndProject
Global
	GlobalSection(SolutionConfigurationPlatforms) = preSolution
		Debug|Any CPU = Debug|Any CPU
		Release|Any CPU = Release|Any CPU
	EndGlobalSection
	GlobalSection(ProjectConfigurationPlatforms) = postSolution
		{FCBFD865-16CC-4012-80FA-1066AB01504A}.Debug|Any CPU.ActiveCfg = Debug|Any CPU
		{FCBFD865-16CC-4012-80FA-1066AB01504A}.Debug|Any CPU.Build.0 = Debug|Any CPU
		{FCBFD865-16CC-4012-80FA-1066AB01504A}.Release|Any CPU.ActiveCfg = Release|Any CPU
		{FCBFD865-16CC-4012-80FA-1066AB01504A}.Release|Any CPU.Build.0 = Release|Any CPU
	EndGlobalSection
	GlobalSection(SolutionProperties) = preSolution
		HideSolutionNode = FALSE
	EndGlobalSection
	GlobalSection(ExtensibilityGlobals) = postSolution
		SolutionGuid = {111AD5EE-E1DE-4CB2-B01E-74B1B6C5506F}
	EndGlobalSection
EndGlobal
