
Microsoft Visual Studio Solution File, Format Version 12.00
# Visual Studio Version 16
VisualStudioVersion = 16.0.30002.166
MinimumVisualStudioVersion = 10.0.40219.1
Project("{FAE04EC0-301F-11D3-BF4B-00C04F79EFBC}") = "Diffi-Helman", "Diffi-Helman\Diffi-Helman.csproj", "{91698A2C-B39F-4241-A447-854B8A4A14A2}"
EndProject
Global
	GlobalSection(SolutionConfigurationPlatforms) = preSolution
		Debug|Any CPU = Debug|Any CPU
		Release|Any CPU = Release|Any CPU
	EndGlobalSection
	GlobalSection(ProjectConfigurationPlatforms) = postSolution
		{91698A2C-B39F-4241-A447-854B8A4A14A2}.Debug|Any CPU.ActiveCfg = Debug|Any CPU
		{91698A2C-B39F-4241-A447-854B8A4A14A2}.Debug|Any CPU.Build.0 = Debug|Any CPU
		{91698A2C-B39F-4241-A447-854B8A4A14A2}.Release|Any CPU.ActiveCfg = Release|Any CPU
		{91698A2C-B39F-4241-A447-854B8A4A14A2}.Release|Any CPU.Build.0 = Release|Any CPU
	EndGlobalSection
	GlobalSection(SolutionProperties) = preSolution
		HideSolutionNode = FALSE
	EndGlobalSection
	GlobalSection(ExtensibilityGlobals) = postSolution
		SolutionGuid = {5203E3CE-A09A-435D-8FC1-5B6CC1C024B4}
	EndGlobalSection
EndGlobal
